
Microsoft Visual Studio Solution File, Format Version 12.00
# Visual Studio Version 17
VisualStudioVersion = 17.7.34024.191
MinimumVisualStudioVersion = 10.0.40219.1
Project("{2150E333-8FDC-42A3-9474-1A3956D46DE8}") = "1. Presentation Layer", "1. Presentation Layer", "{1FB8A6EE-71FD-40B6-ABCF-23A68E9F5B3F}"
	ProjectSection(SolutionItems) = preProject
		.gitignore = .gitignore
	EndProjectSection
EndProject
Project("{2150E333-8FDC-42A3-9474-1A3956D46DE8}") = "2. Business Layer", "2. Business Layer", "{F6C6D674-C0E5-4940-87FD-39178ECB2A1C}"
EndProject
Project("{2150E333-8FDC-42A3-9474-1A3956D46DE8}") = "3. DataAccess Layer", "3. DataAccess Layer", "{1BB7FEDE-306E-4B5B-8723-9802C115BA80}"
EndProject
Project("{9A19103F-16F7-4668-BE54-9A1E7A4F7556}") = "G1FOODWebAPI", "G1FOODWebAPI\G1FOODWebAPI.csproj", "{A721EC5F-AA15-47C9-A1A2-167A0989168B}"
EndProject
Project("{9A19103F-16F7-4668-BE54-9A1E7A4F7556}") = "G1FOODLibrary", "DataAccess\G1FOODLibrary.csproj", "{273761B5-A1F3-447A-AAAB-578BE633344F}"
EndProject
Project("{9A19103F-16F7-4668-BE54-9A1E7A4F7556}") = "DataAccess", "G1FOODLibraby\DataAccess.csproj", "{A4B0EE5A-3503-416A-B7CA-AA1D976E7CD8}"
EndProject
Project("{9A19103F-16F7-4668-BE54-9A1E7A4F7556}") = "G1Food_User", "G1Food_User\G1Food_User.csproj", "{02FDCBBF-F6A2-4548-8C51-17FD8A8C948C}"
EndProject
Project("{9A19103F-16F7-4668-BE54-9A1E7A4F7556}") = "G1Food_Admin", "G1Food_Admin\G1Food_Admin.csproj", "{96460FD9-7DFA-4F78-B9FA-086ABBADCB94}"
EndProject
Project("{9A19103F-16F7-4668-BE54-9A1E7A4F7556}") = "G1Food_Cashier", "G1Food_Cashier\G1Food_Cashier.csproj", "{793ECE1F-79CB-4A87-B4A1-1E4B5D4D8CF5}"
EndProject
Project("{9A19103F-16F7-4668-BE54-9A1E7A4F7556}") = "G1_Food_ChefStaff", "G1_Food_ChefStaff\G1_Food_ChefStaff.csproj", "{6C63BE7E-079A-4262-9B83-6D19D10A5240}"
EndProject
Project("{9A19103F-16F7-4668-BE54-9A1E7A4F7556}") = "G1_Food_Inventory", "G1_Food_Inventory\G1_Food_Inventory.csproj", "{317CD759-6EA4-4AF7-9C22-D673E49D0EDD}"
EndProject
Project("{9A19103F-16F7-4668-BE54-9A1E7A4F7556}") = "G1_Food_SellingStaff", "G1_Food_SellingStaff\G1_Food_SellingStaff.csproj", "{AAAE74D8-A1FE-4BCE-BF93-19D654F1BB71}"
EndProject
Project("{9A19103F-16F7-4668-BE54-9A1E7A4F7556}") = "Source_Model", "Source_Model\Source_Model.csproj", "{3AC07DE4-3C8A-447E-A5BF-C38AEF1E0BBF}"
EndProject
Global
	GlobalSection(SolutionConfigurationPlatforms) = preSolution
		Debug|Any CPU = Debug|Any CPU
		Release|Any CPU = Release|Any CPU
	EndGlobalSection
	GlobalSection(ProjectConfigurationPlatforms) = postSolution
		{A721EC5F-AA15-47C9-A1A2-167A0989168B}.Debug|Any CPU.ActiveCfg = Debug|Any CPU
		{A721EC5F-AA15-47C9-A1A2-167A0989168B}.Debug|Any CPU.Build.0 = Debug|Any CPU
		{A721EC5F-AA15-47C9-A1A2-167A0989168B}.Release|Any CPU.ActiveCfg = Release|Any CPU
		{A721EC5F-AA15-47C9-A1A2-167A0989168B}.Release|Any CPU.Build.0 = Release|Any CPU
		{273761B5-A1F3-447A-AAAB-578BE633344F}.Debug|Any CPU.ActiveCfg = Debug|Any CPU
		{273761B5-A1F3-447A-AAAB-578BE633344F}.Debug|Any CPU.Build.0 = Debug|Any CPU
		{273761B5-A1F3-447A-AAAB-578BE633344F}.Release|Any CPU.ActiveCfg = Release|Any CPU
		{273761B5-A1F3-447A-AAAB-578BE633344F}.Release|Any CPU.Build.0 = Release|Any CPU
		{A4B0EE5A-3503-416A-B7CA-AA1D976E7CD8}.Debug|Any CPU.ActiveCfg = Debug|Any CPU
		{A4B0EE5A-3503-416A-B7CA-AA1D976E7CD8}.Debug|Any CPU.Build.0 = Debug|Any CPU
		{A4B0EE5A-3503-416A-B7CA-AA1D976E7CD8}.Release|Any CPU.ActiveCfg = Release|Any CPU
		{A4B0EE5A-3503-416A-B7CA-AA1D976E7CD8}.Release|Any CPU.Build.0 = Release|Any CPU
		{02FDCBBF-F6A2-4548-8C51-17FD8A8C948C}.Debug|Any CPU.ActiveCfg = Debug|Any CPU
		{02FDCBBF-F6A2-4548-8C51-17FD8A8C948C}.Debug|Any CPU.Build.0 = Debug|Any CPU
		{02FDCBBF-F6A2-4548-8C51-17FD8A8C948C}.Release|Any CPU.ActiveCfg = Release|Any CPU
		{02FDCBBF-F6A2-4548-8C51-17FD8A8C948C}.Release|Any CPU.Build.0 = Release|Any CPU
		{96460FD9-7DFA-4F78-B9FA-086ABBADCB94}.Debug|Any CPU.ActiveCfg = Debug|Any CPU
		{96460FD9-7DFA-4F78-B9FA-086ABBADCB94}.Debug|Any CPU.Build.0 = Debug|Any CPU
		{96460FD9-7DFA-4F78-B9FA-086ABBADCB94}.Release|Any CPU.ActiveCfg = Release|Any CPU
		{96460FD9-7DFA-4F78-B9FA-086ABBADCB94}.Release|Any CPU.Build.0 = Release|Any CPU
		{793ECE1F-79CB-4A87-B4A1-1E4B5D4D8CF5}.Debug|Any CPU.ActiveCfg = Debug|Any CPU
		{793ECE1F-79CB-4A87-B4A1-1E4B5D4D8CF5}.Debug|Any CPU.Build.0 = Debug|Any CPU
		{793ECE1F-79CB-4A87-B4A1-1E4B5D4D8CF5}.Release|Any CPU.ActiveCfg = Release|Any CPU
		{793ECE1F-79CB-4A87-B4A1-1E4B5D4D8CF5}.Release|Any CPU.Build.0 = Release|Any CPU
		{6C63BE7E-079A-4262-9B83-6D19D10A5240}.Debug|Any CPU.ActiveCfg = Debug|Any CPU
		{6C63BE7E-079A-4262-9B83-6D19D10A5240}.Debug|Any CPU.Build.0 = Debug|Any CPU
		{6C63BE7E-079A-4262-9B83-6D19D10A5240}.Release|Any CPU.ActiveCfg = Release|Any CPU
		{6C63BE7E-079A-4262-9B83-6D19D10A5240}.Release|Any CPU.Build.0 = Release|Any CPU
		{317CD759-6EA4-4AF7-9C22-D673E49D0EDD}.Debug|Any CPU.ActiveCfg = Debug|Any CPU
		{317CD759-6EA4-4AF7-9C22-D673E49D0EDD}.Debug|Any CPU.Build.0 = Debug|Any CPU
		{317CD759-6EA4-4AF7-9C22-D673E49D0EDD}.Release|Any CPU.ActiveCfg = Release|Any CPU
		{317CD759-6EA4-4AF7-9C22-D673E49D0EDD}.Release|Any CPU.Build.0 = Release|Any CPU
		{AAAE74D8-A1FE-4BCE-BF93-19D654F1BB71}.Debug|Any CPU.ActiveCfg = Debug|Any CPU
		{AAAE74D8-A1FE-4BCE-BF93-19D654F1BB71}.Debug|Any CPU.Build.0 = Debug|Any CPU
		{AAAE74D8-A1FE-4BCE-BF93-19D654F1BB71}.Release|Any CPU.ActiveCfg = Release|Any CPU
		{AAAE74D8-A1FE-4BCE-BF93-19D654F1BB71}.Release|Any CPU.Build.0 = Release|Any CPU
		{3AC07DE4-3C8A-447E-A5BF-C38AEF1E0BBF}.Debug|Any CPU.ActiveCfg = Debug|Any CPU
		{3AC07DE4-3C8A-447E-A5BF-C38AEF1E0BBF}.Debug|Any CPU.Build.0 = Debug|Any CPU
		{3AC07DE4-3C8A-447E-A5BF-C38AEF1E0BBF}.Release|Any CPU.ActiveCfg = Release|Any CPU
		{3AC07DE4-3C8A-447E-A5BF-C38AEF1E0BBF}.Release|Any CPU.Build.0 = Release|Any CPU
	EndGlobalSection
	GlobalSection(SolutionProperties) = preSolution
		HideSolutionNode = FALSE
	EndGlobalSection
	GlobalSection(NestedProjects) = preSolution
		{A721EC5F-AA15-47C9-A1A2-167A0989168B} = {F6C6D674-C0E5-4940-87FD-39178ECB2A1C}
		{273761B5-A1F3-447A-AAAB-578BE633344F} = {1BB7FEDE-306E-4B5B-8723-9802C115BA80}
		{A4B0EE5A-3503-416A-B7CA-AA1D976E7CD8} = {1BB7FEDE-306E-4B5B-8723-9802C115BA80}
		{02FDCBBF-F6A2-4548-8C51-17FD8A8C948C} = {1FB8A6EE-71FD-40B6-ABCF-23A68E9F5B3F}
		{96460FD9-7DFA-4F78-B9FA-086ABBADCB94} = {1FB8A6EE-71FD-40B6-ABCF-23A68E9F5B3F}
		{793ECE1F-79CB-4A87-B4A1-1E4B5D4D8CF5} = {1FB8A6EE-71FD-40B6-ABCF-23A68E9F5B3F}
		{6C63BE7E-079A-4262-9B83-6D19D10A5240} = {1FB8A6EE-71FD-40B6-ABCF-23A68E9F5B3F}
		{317CD759-6EA4-4AF7-9C22-D673E49D0EDD} = {1FB8A6EE-71FD-40B6-ABCF-23A68E9F5B3F}
		{AAAE74D8-A1FE-4BCE-BF93-19D654F1BB71} = {1FB8A6EE-71FD-40B6-ABCF-23A68E9F5B3F}
		{3AC07DE4-3C8A-447E-A5BF-C38AEF1E0BBF} = {1FB8A6EE-71FD-40B6-ABCF-23A68E9F5B3F}
	EndGlobalSection
	GlobalSection(ExtensibilityGlobals) = postSolution
		SolutionGuid = {602F075C-32F3-48C3-94BA-0056502A7157}
	EndGlobalSection
EndGlobal
